// !$*UTF8*$!
{
	archiveVersion = 1;
	classes = {
	};
	objectVersion = 46;
	objects = {

/* Begin PBXBuildFile section */
		196EDEBEF7724EC8C03B39B9 /* Pods_NEO.framework in Frameworks */ = {isa = PBXBuildFile; fileRef = 44A80349F9B8FFAB0CF422CF /* Pods_NEO.framework */; settings = {ATTRIBUTES = (Weak, ); }; };
		A1EAEB151BD625C9008F5110 /* AppDelegate.swift in Sources */ = {isa = PBXBuildFile; fileRef = A1EAEB141BD625C9008F5110 /* AppDelegate.swift */; };
		A1EAEB171BD625C9008F5110 /* ViewController.swift in Sources */ = {isa = PBXBuildFile; fileRef = A1EAEB161BD625C9008F5110 /* ViewController.swift */; };
		A1EAEB1A1BD625C9008F5110 /* Main.storyboard in Resources */ = {isa = PBXBuildFile; fileRef = A1EAEB181BD625C9008F5110 /* Main.storyboard */; };
		A1EAEB1C1BD625C9008F5110 /* Assets.xcassets in Resources */ = {isa = PBXBuildFile; fileRef = A1EAEB1B1BD625C9008F5110 /* Assets.xcassets */; };
		A1EAEB1F1BD625C9008F5110 /* LaunchScreen.storyboard in Resources */ = {isa = PBXBuildFile; fileRef = A1EAEB1D1BD625C9008F5110 /* LaunchScreen.storyboard */; };
		A1EAEB271BD625F9008F5110 /* TableViewCell.swift in Sources */ = {isa = PBXBuildFile; fileRef = A1EAEB261BD625F9008F5110 /* TableViewCell.swift */; settings = {ASSET_TAGS = (); }; };
		A1EAEB291BD62609008F5110 /* TableView.swift in Sources */ = {isa = PBXBuildFile; fileRef = A1EAEB281BD62609008F5110 /* TableView.swift */; settings = {ASSET_TAGS = (); }; };
		A1EAEB2D1BD62E2A008F5110 /* AutoLayoutDSL.swift in Sources */ = {isa = PBXBuildFile; fileRef = A1EAEB2C1BD62E2A008F5110 /* AutoLayoutDSL.swift */; settings = {ASSET_TAGS = (); }; };
/* End PBXBuildFile section */

/* Begin PBXFileReference section */
		44A80349F9B8FFAB0CF422CF /* Pods_NEO.framework */ = {isa = PBXFileReference; explicitFileType = wrapper.framework; includeInIndex = 0; path = Pods_NEO.framework; sourceTree = BUILT_PRODUCTS_DIR; };
		A1EAEB111BD625C9008F5110 /* NEO.app */ = {isa = PBXFileReference; explicitFileType = wrapper.application; includeInIndex = 0; path = NEO.app; sourceTree = BUILT_PRODUCTS_DIR; };
		A1EAEB141BD625C9008F5110 /* AppDelegate.swift */ = {isa = PBXFileReference; lastKnownFileType = sourcecode.swift; path = AppDelegate.swift; sourceTree = "<group>"; };
		A1EAEB161BD625C9008F5110 /* ViewController.swift */ = {isa = PBXFileReference; lastKnownFileType = sourcecode.swift; path = ViewController.swift; sourceTree = "<group>"; };
		A1EAEB191BD625C9008F5110 /* Base */ = {isa = PBXFileReference; lastKnownFileType = file.storyboard; name = Base; path = Base.lproj/Main.storyboard; sourceTree = "<group>"; };
		A1EAEB1B1BD625C9008F5110 /* Assets.xcassets */ = {isa = PBXFileReference; lastKnownFileType = folder.assetcatalog; path = Assets.xcassets; sourceTree = "<group>"; };
		A1EAEB1E1BD625C9008F5110 /* Base */ = {isa = PBXFileReference; lastKnownFileType = file.storyboard; name = Base; path = Base.lproj/LaunchScreen.storyboard; sourceTree = "<group>"; };
		A1EAEB201BD625C9008F5110 /* Info.plist */ = {isa = PBXFileReference; lastKnownFileType = text.plist.xml; path = Info.plist; sourceTree = "<group>"; };
		A1EAEB261BD625F9008F5110 /* TableViewCell.swift */ = {isa = PBXFileReference; fileEncoding = 4; lastKnownFileType = sourcecode.swift; path = TableViewCell.swift; sourceTree = "<group>"; };
		A1EAEB281BD62609008F5110 /* TableView.swift */ = {isa = PBXFileReference; fileEncoding = 4; lastKnownFileType = sourcecode.swift; path = TableView.swift; sourceTree = "<group>"; };
		A1EAEB2C1BD62E2A008F5110 /* AutoLayoutDSL.swift */ = {isa = PBXFileReference; fileEncoding = 4; lastKnownFileType = sourcecode.swift; path = AutoLayoutDSL.swift; sourceTree = "<group>"; };
		CBC1907B9D16DEF9ADB79C10 /* Pods-NEO.release.xcconfig */ = {isa = PBXFileReference; includeInIndex = 1; lastKnownFileType = text.xcconfig; name = "Pods-NEO.release.xcconfig"; path = "Pods/Target Support Files/Pods-NEO/Pods-NEO.release.xcconfig"; sourceTree = "<group>"; };
		EA4D3E08C3E8767E55D8BD14 /* Pods-NEO.debug.xcconfig */ = {isa = PBXFileReference; includeInIndex = 1; lastKnownFileType = text.xcconfig; name = "Pods-NEO.debug.xcconfig"; path = "Pods/Target Support Files/Pods-NEO/Pods-NEO.debug.xcconfig"; sourceTree = "<group>"; };
/* End PBXFileReference section */

/* Begin PBXFrameworksBuildPhase section */
		A1EAEB0E1BD625C9008F5110 /* Frameworks */ = {
			isa = PBXFrameworksBuildPhase;
			buildActionMask = 2147483647;
			files = (
				196EDEBEF7724EC8C03B39B9 /* Pods_NEO.framework in Frameworks */,
			);
			runOnlyForDeploymentPostprocessing = 0;
		};
/* End PBXFrameworksBuildPhase section */

/* Begin PBXGroup section */
		A1EAEB081BD625C9008F5110 = {
			isa = PBXGroup;
			children = (
				A1EAEB131BD625C9008F5110 /* NEO */,
				A1EAEB121BD625C9008F5110 /* Products */,
				E9D655D0E637EB20A0806730 /* Pods */,
				D684517790CE37657CCDB5C7 /* Frameworks */,
			);
			sourceTree = "<group>";
		};
		A1EAEB121BD625C9008F5110 /* Products */ = {
			isa = PBXGroup;
			children = (
				A1EAEB111BD625C9008F5110 /* NEO.app */,
			);
			name = Products;
			sourceTree = "<group>";
		};
		A1EAEB131BD625C9008F5110 /* NEO */ = {
			isa = PBXGroup;
			children = (
				A1EAEB141BD625C9008F5110 /* AppDelegate.swift */,
				A1EAEB161BD625C9008F5110 /* ViewController.swift */,
				A1EAEB181BD625C9008F5110 /* Main.storyboard */,
				A1EAEB1B1BD625C9008F5110 /* Assets.xcassets */,
				A1EAEB1D1BD625C9008F5110 /* LaunchScreen.storyboard */,
				A1EAEB201BD625C9008F5110 /* Info.plist */,
				A1EAEB281BD62609008F5110 /* TableView.swift */,
				A1EAEB261BD625F9008F5110 /* TableViewCell.swift */,
				A1EAEB2C1BD62E2A008F5110 /* AutoLayoutDSL.swift */,
			);
			path = NEO;
			sourceTree = "<group>";
		};
		D684517790CE37657CCDB5C7 /* Frameworks */ = {
			isa = PBXGroup;
			children = (
				44A80349F9B8FFAB0CF422CF /* Pods_NEO.framework */,
			);
			name = Frameworks;
			sourceTree = "<group>";
		};
		E9D655D0E637EB20A0806730 /* Pods */ = {
			isa = PBXGroup;
			children = (
				EA4D3E08C3E8767E55D8BD14 /* Pods-NEO.debug.xcconfig */,
				CBC1907B9D16DEF9ADB79C10 /* Pods-NEO.release.xcconfig */,
			);
			name = Pods;
			sourceTree = "<group>";
		};
/* End PBXGroup section */

/* Begin PBXNativeTarget section */
		A1EAEB101BD625C9008F5110 /* NEO */ = {
			isa = PBXNativeTarget;
			buildConfigurationList = A1EAEB231BD625C9008F5110 /* Build configuration list for PBXNativeTarget "NEO" */;
			buildPhases = (
				CDE69BA7F01C7F90C7F360AE /* Check Pods Manifest.lock */,
				A1EAEB0D1BD625C9008F5110 /* Sources */,
				A1EAEB0E1BD625C9008F5110 /* Frameworks */,
				A1EAEB0F1BD625C9008F5110 /* Resources */,
				554B8AC99241F04DB04FAA3E /* Embed Pods Frameworks */,
				A853AA81D053F44B53F5818B /* Copy Pods Resources */,
			);
			buildRules = (
			);
			dependencies = (
			);
			name = NEO;
			productName = NEO;
			productReference = A1EAEB111BD625C9008F5110 /* NEO.app */;
			productType = "com.apple.product-type.application";
		};
/* End PBXNativeTarget section */

/* Begin PBXProject section */
		A1EAEB091BD625C9008F5110 /* Project object */ = {
			isa = PBXProject;
			attributes = {
				LastUpgradeCheck = 0700;
				ORGANIZATIONNAME = "晏亚博";
				TargetAttributes = {
					A1EAEB101BD625C9008F5110 = {
						CreatedOnToolsVersion = 7.0;
					};
				};
			};
			buildConfigurationList = A1EAEB0C1BD625C9008F5110 /* Build configuration list for PBXProject "NEO" */;
			compatibilityVersion = "Xcode 3.2";
			developmentRegion = English;
			hasScannedForEncodings = 0;
			knownRegions = (
				en,
				Base,
			);
			mainGroup = A1EAEB081BD625C9008F5110;
			productRefGroup = A1EAEB121BD625C9008F5110 /* Products */;
			projectDirPath = "";
			projectRoot = "";
			targets = (
				A1EAEB101BD625C9008F5110 /* NEO */,
			);
		};
/* End PBXProject section */

/* Begin PBXResourcesBuildPhase section */
		A1EAEB0F1BD625C9008F5110 /* Resources */ = {
			isa = PBXResourcesBuildPhase;
			buildActionMask = 2147483647;
			files = (
				A1EAEB1F1BD625C9008F5110 /* LaunchScreen.storyboard in Resources */,
				A1EAEB1C1BD625C9008F5110 /* Assets.xcassets in Resources */,
				A1EAEB1A1BD625C9008F5110 /* Main.storyboard in Resources */,
			);
			runOnlyForDeploymentPostprocessing = 0;
		};
/* End PBXResourcesBuildPhase section */

/* Begin PBXShellScriptBuildPhase section */
		554B8AC99241F04DB04FAA3E /* Embed Pods Frameworks */ = {
			isa = PBXShellScriptBuildPhase;
			buildActionMask = 2147483647;
			files = (
			);
			inputPaths = (
			);
			name = "Embed Pods Frameworks";
			outputPaths = (
			);
			runOnlyForDeploymentPostprocessing = 0;
			shellPath = /bin/sh;
			shellScript = "\"${SRCROOT}/Pods/Target Support Files/Pods-NEO/Pods-NEO-frameworks.sh\"\n";
			showEnvVarsInLog = 0;
		};
		A853AA81D053F44B53F5818B /* Copy Pods Resources */ = {
			isa = PBXShellScriptBuildPhase;
			buildActionMask = 2147483647;
			files = (
			);
			inputPaths = (
			);
			name = "Copy Pods Resources";
			outputPaths = (
			);
			runOnlyForDeploymentPostprocessing = 0;
			shellPath = /bin/sh;
			shellScript = "\"${SRCROOT}/Pods/Target Support Files/Pods-NEO/Pods-NEO-resources.sh\"\n";
			showEnvVarsInLog = 0;
		};
		CDE69BA7F01C7F90C7F360AE /* Check Pods Manifest.lock */ = {
			isa = PBXShellScriptBuildPhase;
			buildActionMask = 2147483647;
			files = (
			);
			inputPaths = (
			);
			name = "Check Pods Manifest.lock";
			outputPaths = (
			);
			runOnlyForDeploymentPostprocessing = 0;
			shellPath = /bin/sh;
			shellScript = "diff \"${PODS_ROOT}/../Podfile.lock\" \"${PODS_ROOT}/Manifest.lock\" > /dev/null\nif [[ $? != 0 ]] ; then\n    cat << EOM\nerror: The sandbox is not in sync with the Podfile.lock. Run 'pod install' or update your CocoaPods installation.\nEOM\n    exit 1\nfi\n";
			showEnvVarsInLog = 0;
		};
/* End PBXShellScriptBuildPhase section */

/* Begin PBXSourcesBuildPhase section */
		A1EAEB0D1BD625C9008F5110 /* Sources */ = {
			isa = PBXSourcesBuildPhase;
			buildActionMask = 2147483647;
			files = (
				A1EAEB271BD625F9008F5110 /* TableViewCell.swift in Sources */,
				A1EAEB291BD62609008F5110 /* TableView.swift in Sources */,
				A1EAEB2D1BD62E2A008F5110 /* AutoLayoutDSL.swift in Sources */,
				A1EAEB171BD625C9008F5110 /* ViewController.swift in Sources */,
				A1EAEB151BD625C9008F5110 /* AppDelegate.swift in Sources */,
			);
			runOnlyForDeploymentPostprocessing = 0;
		};
/* End PBXSourcesBuildPhase section */

/* Begin PBXVariantGroup section */
		A1EAEB181BD625C9008F5110 /* Main.storyboard */ = {
			isa = PBXVariantGroup;
			children = (
				A1EAEB191BD625C9008F5110 /* Base */,
			);
			name = Main.storyboard;
			sourceTree = "<group>";
		};
		A1EAEB1D1BD625C9008F5110 /* LaunchScreen.storyboard */ = {
			isa = PBXVariantGroup;
			children = (
				A1EAEB1E1BD625C9008F5110 /* Base */,
			);
			name = LaunchScreen.storyboard;
			sourceTree = "<group>";
		};
/* End PBXVariantGroup section */

/* Begin XCBuildConfiguration section */
		A1EAEB211BD625C9008F5110 /* Debug */ = {
			isa = XCBuildConfiguration;
			buildSettings = {
				ALWAYS_SEARCH_USER_PATHS = NO;
				CLANG_CXX_LANGUAGE_STANDARD = "gnu++0x";
				CLANG_CXX_LIBRARY = "libc++";
				CLANG_ENABLE_MODULES = YES;
				CLANG_ENABLE_OBJC_ARC = YES;
				CLANG_WARN_BOOL_CONVERSION = YES;
				CLANG_WARN_CONSTANT_CONVERSION = YES;
				CLANG_WARN_DIRECT_OBJC_ISA_USAGE = YES_ERROR;
				CLANG_WARN_EMPTY_BODY = YES;
				CLANG_WARN_ENUM_CONVERSION = YES;
				CLANG_WARN_INT_CONVERSION = YES;
				CLANG_WARN_OBJC_ROOT_CLASS = YES_ERROR;
				CLANG_WARN_UNREACHABLE_CODE = YES;
				CLANG_WARN__DUPLICATE_METHOD_MATCH = YES;
				"CODE_SIGN_IDENTITY[sdk=iphoneos*]" = "iPhone Developer";
				COPY_PHASE_STRIP = NO;
				DEBUG_INFORMATION_FORMAT = dwarf;
				ENABLE_STRICT_OBJC_MSGSEND = YES;
				ENABLE_TESTABILITY = YES;
				GCC_C_LANGUAGE_STANDARD = gnu99;
				GCC_DYNAMIC_NO_PIC = NO;
				GCC_NO_COMMON_BLOCKS = YES;
				GCC_OPTIMIZATION_LEVEL = 0;
				GCC_PREPROCESSOR_DEFINITIONS = (
					"DEBUG=1",
					"$(inherited)",
				);
				GCC_WARN_64_TO_32_BIT_CONVERSION = YES;
				GCC_WARN_ABOUT_RETURN_TYPE = YES_ERROR;
				GCC_WARN_UNDECLARED_SELECTOR = YES;
				GCC_WARN_UNINITIALIZED_AUTOS = YES_AGGRESSIVE;
				GCC_WARN_UNUSED_FUNCTION = YES;
				GCC_WARN_UNUSED_VARIABLE = YES;
				IPHONEOS_DEPLOYMENT_TARGET = 9.0;
				MTL_ENABLE_DEBUG_INFO = YES;
				ONLY_ACTIVE_ARCH = YES;
				SDKROOT = iphoneos;
				SWIFT_OPTIMIZATION_LEVEL = "-Onone";
			};
			name = Debug;
		};
		A1EAEB221BD625C9008F5110 /* Release */ = {
			isa = XCBuildConfiguration;
			buildSettings = {
				ALWAYS_SEARCH_USER_PATHS = NO;
				CLANG_CXX_LANGUAGE_STANDARD = "gnu++0x";
				CLANG_CXX_LIBRARY = "libc++";
				CLANG_ENABLE_MODULES = YES;
				CLANG_ENABLE_OBJC_ARC = YES;
				CLANG_WARN_BOOL_CONVERSION = YES;
				CLANG_WARN_CONSTANT_CONVERSION = YES;
				CLANG_WARN_DIRECT_OBJC_ISA_USAGE = YES_ERROR;
				CLANG_WARN_EMPTY_BODY = YES;
				CLANG_WARN_ENUM_CONVERSION = YES;
				CLANG_WARN_INT_CONVERSION = YES;
				CLANG_WARN_OBJC_ROOT_CLASS = YES_ERROR;
				CLANG_WARN_UNREACHABLE_CODE = YES;
				CLANG_WARN__DUPLICATE_METHOD_MATCH = YES;
				"CODE_SIGN_IDENTITY[sdk=iphoneos*]" = "iPhone Developer";
				COPY_PHASE_STRIP = NO;
				DEBUG_INFORMATION_FORMAT = "dwarf-with-dsym";
				ENABLE_NS_ASSERTIONS = NO;
				ENABLE_STRICT_OBJC_MSGSEND = YES;
				GCC_C_LANGUAGE_STANDARD = gnu99;
				GCC_NO_COMMON_BLOCKS = YES;
				GCC_WARN_64_TO_32_BIT_CONVERSION = YES;
				GCC_WARN_ABOUT_RETURN_TYPE = YES_ERROR;
				GCC_WARN_UNDECLARED_SELECTOR = YES;
				GCC_WARN_UNINITIALIZED_AUTOS = YES_AGGRESSIVE;
				GCC_WARN_UNUSED_FUNCTION = YES;
				GCC_WARN_UNUSED_VARIABLE = YES;
				IPHONEOS_DEPLOYMENT_TARGET = 9.0;
				MTL_ENABLE_DEBUG_INFO = NO;
				SDKROOT = iphoneos;
				VALIDATE_PRODUCT = YES;
			};
			name = Release;
		};
		A1EAEB241BD625C9008F5110 /* Debug */ = {
			isa = XCBuildConfiguration;
			baseConfigurationReference = EA4D3E08C3E8767E55D8BD14 /* Pods-NEO.debug.xcconfig */;
			buildSettings = {
				ASSETCATALOG_COMPILER_APPICON_NAME = AppIcon;
				INFOPLIST_FILE = NEO/Info.plist;
				LD_RUNPATH_SEARCH_PATHS = "$(inherited) @executable_path/Frameworks";
				PRODUCT_BUNDLE_IDENTIFIER = com.yanyabo.test.NEO;
				PRODUCT_NAME = "$(TARGET_NAME)";
			};
			name = Debug;
		};
		A1EAEB251BD625C9008F5110 /* Release */ = {
			isa = XCBuildConfiguration;
			baseConfigurationReference = CBC1907B9D16DEF9ADB79C10 /* Pods-NEO.release.xcconfig */;
			buildSettings = {
				ASSETCATALOG_COMPILER_APPICON_NAME = AppIcon;
				INFOPLIST_FILE = NEO/Info.plist;
				LD_RUNPATH_SEARCH_PATHS = "$(inherited) @executable_path/Frameworks";
				PRODUCT_BUNDLE_IDENTIFIER = com.yanyabo.test.NEO;
				PRODUCT_NAME = "$(TARGET_NAME)";
			};
			name = Release;
		};
/* End XCBuildConfiguration section */

/* Begin XCConfigurationList section */
		A1EAEB0C1BD625C9008F5110 /* Build configuration list for PBXProject "NEO" */ = {
			isa = XCConfigurationList;
			buildConfigurations = (
				A1EAEB211BD625C9008F5110 /* Debug */,
				A1EAEB221BD625C9008F5110 /* Release */,
			);
			defaultConfigurationIsVisible = 0;
			defaultConfigurationName = Release;
		};
		A1EAEB231BD625C9008F5110 /* Build configuration list for PBXNativeTarget "NEO" */ = {
			isa = XCConfigurationList;
			buildConfigurations = (
				A1EAEB241BD625C9008F5110 /* Debug */,
				A1EAEB251BD625C9008F5110 /* Release */,
			);
			defaultConfigurationIsVisible = 0;
			defaultConfigurationName = Release;
		};
/* End XCConfigurationList section */
	};
	rootObject = A1EAEB091BD625C9008F5110 /* Project object */;
}
